
Microsoft Visual Studio Solution File, Format Version 12.00
# Visual Studio Version 17
VisualStudioVersion = 17.13.35931.197 d17.13
MinimumVisualStudioVersion = 10.0.40219.1
Project("{FAE04EC0-301F-11D3-BF4B-00C04F79EFBC}") = "DESF5Api", "DESF5Api\DESF5Api.csproj", "{9CFD42DB-40EE-47FA-990F-82F0B3D0BAC2}"
EndProject
Global
	GlobalSection(SolutionConfigurationPlatforms) = preSolution
		Debug|Any CPU = Debug|Any CPU
		Release|Any CPU = Release|Any CPU
	EndGlobalSection
	GlobalSection(ProjectConfigurationPlatforms) = postSolution
		{9CFD42DB-40EE-47FA-990F-82F0B3D0BAC2}.Debug|Any CPU.ActiveCfg = Debug|Any CPU
		{9CFD42DB-40EE-47FA-990F-82F0B3D0BAC2}.Debug|Any CPU.Build.0 = Debug|Any CPU
		{9CFD42DB-40EE-47FA-990F-82F0B3D0BAC2}.Release|Any CPU.ActiveCfg = Release|Any CPU
		{9CFD42DB-40EE-47FA-990F-82F0B3D0BAC2}.Release|Any CPU.Build.0 = Release|Any CPU
	EndGlobalSection
	GlobalSection(SolutionProperties) = preSolution
		HideSolutionNode = FALSE
	EndGlobalSection
	GlobalSection(ExtensibilityGlobals) = postSolution
		SolutionGuid = {FCB37A77-5C91-4C3D-8CE1-B775BE0FE820}
	EndGlobalSection
EndGlobal
